
Microsoft Visual Studio Solution File, Format Version 12.00
# Visual Studio Version 16
VisualStudioVersion = 16.0.29001.49
MinimumVisualStudioVersion = 10.0.40219.1
Project("{FAE04EC0-301F-11D3-BF4B-00C04F79EFBC}") = "CsharpConnectToSQL", "CsharpConnectToSQL\CsharpConnectToSQL.csproj", "{57974548-47B8-4386-A11F-334EC80E58DA}"
EndProject
Global
	GlobalSection(SolutionConfigurationPlatforms) = preSolution
		Debug|Any CPU = Debug|Any CPU
		Release|Any CPU = Release|Any CPU
	EndGlobalSection
	GlobalSection(ProjectConfigurationPlatforms) = postSolution
		{57974548-47B8-4386-A11F-334EC80E58DA}.Debug|Any CPU.ActiveCfg = Debug|Any CPU
		{57974548-47B8-4386-A11F-334EC80E58DA}.Debug|Any CPU.Build.0 = Debug|Any CPU
		{57974548-47B8-4386-A11F-334EC80E58DA}.Release|Any CPU.ActiveCfg = Release|Any CPU
		{57974548-47B8-4386-A11F-334EC80E58DA}.Release|Any CPU.Build.0 = Release|Any CPU
	EndGlobalSection
	GlobalSection(SolutionProperties) = preSolution
		HideSolutionNode = FALSE
	EndGlobalSection
	GlobalSection(ExtensibilityGlobals) = postSolution
		SolutionGuid = {12602E5E-F776-405D-BB2F-E2E3F6EC0DFE}
	EndGlobalSection
EndGlobal
